
Microsoft Visual Studio Solution File, Format Version 12.00
# Visual Studio Version 16
VisualStudioVersion = 16.0.30204.135
MinimumVisualStudioVersion = 10.0.40219.1
Project("{00D1A9C2-B5F0-4AF3-8072-F6C62B433612}") = "DataBase", "DataBase\DataBase.sqlproj", "{18F67F85-25A9-42A6-8B43-CACE39178EBD}"
EndProject
Global
	GlobalSection(SolutionConfigurationPlatforms) = preSolution
		Debug|Any CPU = Debug|Any CPU
		Release|Any CPU = Release|Any CPU
	EndGlobalSection
	GlobalSection(ProjectConfigurationPlatforms) = postSolution
		{18F67F85-25A9-42A6-8B43-CACE39178EBD}.Debug|Any CPU.ActiveCfg = Debug|Any CPU
		{18F67F85-25A9-42A6-8B43-CACE39178EBD}.Debug|Any CPU.Build.0 = Debug|Any CPU
		{18F67F85-25A9-42A6-8B43-CACE39178EBD}.Debug|Any CPU.Deploy.0 = Debug|Any CPU
		{18F67F85-25A9-42A6-8B43-CACE39178EBD}.Release|Any CPU.ActiveCfg = Release|Any CPU
		{18F67F85-25A9-42A6-8B43-CACE39178EBD}.Release|Any CPU.Build.0 = Release|Any CPU
		{18F67F85-25A9-42A6-8B43-CACE39178EBD}.Release|Any CPU.Deploy.0 = Release|Any CPU
	EndGlobalSection
	GlobalSection(SolutionProperties) = preSolution
		HideSolutionNode = FALSE
	EndGlobalSection
	GlobalSection(ExtensibilityGlobals) = postSolution
		SolutionGuid = {2847223B-229C-4278-8043-84DC510074B9}
	EndGlobalSection
EndGlobal
